
Microsoft Visual Studio Solution File, Format Version 12.00
# Visual Studio Version 16
VisualStudioVersion = 16.0.30523.141
MinimumVisualStudioVersion = 10.0.40219.1
Project("{8BC9CEB8-8B4A-11D0-8D11-00A0C91BC942}") = "GitTest", "GitTest.vcxproj", "{C046B2E1-9D7D-4568-9436-B95774B9E3BD}"
EndProject
Global
	GlobalSection(SolutionConfigurationPlatforms) = preSolution
		Debug|x64 = Debug|x64
		Debug|x86 = Debug|x86
		Release|x64 = Release|x64
		Release|x86 = Release|x86
	EndGlobalSection
	GlobalSection(ProjectConfigurationPlatforms) = postSolution
		{C046B2E1-9D7D-4568-9436-B95774B9E3BD}.Debug|x64.ActiveCfg = Debug|x64
		{C046B2E1-9D7D-4568-9436-B95774B9E3BD}.Debug|x64.Build.0 = Debug|x64
		{C046B2E1-9D7D-4568-9436-B95774B9E3BD}.Debug|x86.ActiveCfg = Debug|Win32
		{C046B2E1-9D7D-4568-9436-B95774B9E3BD}.Debug|x86.Build.0 = Debug|Win32
		{C046B2E1-9D7D-4568-9436-B95774B9E3BD}.Release|x64.ActiveCfg = Release|x64
		{C046B2E1-9D7D-4568-9436-B95774B9E3BD}.Release|x64.Build.0 = Release|x64
		{C046B2E1-9D7D-4568-9436-B95774B9E3BD}.Release|x86.ActiveCfg = Release|Win32
		{C046B2E1-9D7D-4568-9436-B95774B9E3BD}.Release|x86.Build.0 = Release|Win32
	EndGlobalSection
	GlobalSection(SolutionProperties) = preSolution
		HideSolutionNode = FALSE
	EndGlobalSection
	GlobalSection(ExtensibilityGlobals) = postSolution
		SolutionGuid = {D0001CA1-2AD5-4B16-BDB9-D80E58481478}
	EndGlobalSection
EndGlobal
